// !$*UTF8*$!
{
	archiveVersion = 1;
	classes = {
	};
	objectVersion = 46;
	objects = {

/* Begin PBXBuildFile section */
		4C2A25A118E8B3F70055EB1F /* Foundation.framework in Frameworks */ = {isa = PBXBuildFile; fileRef = 4C2A25A018E8B3F70055EB1F /* Foundation.framework */; };
		4C2A25A318E8B3F70055EB1F /* CoreGraphics.framework in Frameworks */ = {isa = PBXBuildFile; fileRef = 4C2A25A218E8B3F70055EB1F /* CoreGraphics.framework */; };
		4C2A25A518E8B3F70055EB1F /* UIKit.framework in Frameworks */ = {isa = PBXBuildFile; fileRef = 4C2A25A418E8B3F70055EB1F /* UIKit.framework */; };
		4C2A25AB18E8B3F70055EB1F /* InfoPlist.strings in Resources */ = {isa = PBXBuildFile; fileRef = 4C2A25A918E8B3F70055EB1F /* InfoPlist.strings */; };
		4C2A25AD18E8B3F70055EB1F /* main.m in Sources */ = {isa = PBXBuildFile; fileRef = 4C2A25AC18E8B3F70055EB1F /* main.m */; };
		4C2A25B118E8B3F70055EB1F /* movieAppDelegate.m in Sources */ = {isa = PBXBuildFile; fileRef = 4C2A25B018E8B3F70055EB1F /* movieAppDelegate.m */; };
		4C2A25B418E8B3F70055EB1F /* Main_iPhone.storyboard in Resources */ = {isa = PBXBuildFile; fileRef = 4C2A25B218E8B3F70055EB1F /* Main_iPhone.storyboard */; };
		4C2A25B718E8B3F70055EB1F /* Main_iPad.storyboard in Resources */ = {isa = PBXBuildFile; fileRef = 4C2A25B518E8B3F70055EB1F /* Main_iPad.storyboard */; };
		4C2A25BA18E8B3F70055EB1F /* movieViewController.m in Sources */ = {isa = PBXBuildFile; fileRef = 4C2A25B918E8B3F70055EB1F /* movieViewController.m */; };
		4C2A25BC18E8B3F70055EB1F /* Images.xcassets in Resources */ = {isa = PBXBuildFile; fileRef = 4C2A25BB18E8B3F70055EB1F /* Images.xcassets */; };
		4C2A25C318E8B3F70055EB1F /* XCTest.framework in Frameworks */ = {isa = PBXBuildFile; fileRef = 4C2A25C218E8B3F70055EB1F /* XCTest.framework */; };
		4C2A25C418E8B3F70055EB1F /* Foundation.framework in Frameworks */ = {isa = PBXBuildFile; fileRef = 4C2A25A018E8B3F70055EB1F /* Foundation.framework */; };
		4C2A25C518E8B3F70055EB1F /* UIKit.framework in Frameworks */ = {isa = PBXBuildFile; fileRef = 4C2A25A418E8B3F70055EB1F /* UIKit.framework */; };
		4C2A25CD18E8B3F70055EB1F /* InfoPlist.strings in Resources */ = {isa = PBXBuildFile; fileRef = 4C2A25CB18E8B3F70055EB1F /* InfoPlist.strings */; };
		4C2A25CF18E8B3F70055EB1F /* EthansAppTests.m in Sources */ = {isa = PBXBuildFile; fileRef = 4C2A25CE18E8B3F70055EB1F /* EthansAppTests.m */; };
		4C2A25D918E8B4160055EB1F /* MediaPlayer.framework in Frameworks */ = {isa = PBXBuildFile; fileRef = 4C2A25D818E8B4160055EB1F /* MediaPlayer.framework */; };
		4C46663618E8C67C00916D72 /* Adding_For_Toddlers.mp4 in Resources */ = {isa = PBXBuildFile; fileRef = 4C46663518E8C67C00916D72 /* Adding_For_Toddlers.mp4 */; };
		4C46663818E8C7F200916D72 /* Toddlers_ Learn_Different_Objects.mp4 in Resources */ = {isa = PBXBuildFile; fileRef = 4C46663718E8C7F200916D72 /* Toddlers_ Learn_Different_Objects.mp4 */; };
		4C46664618E8FC0300916D72 /* whatsthatsm.png in Resources */ = {isa = PBXBuildFile; fileRef = 4C46664218E8FC0300916D72 /* whatsthatsm.png */; };
		4C46664718E8FC0300916D72 /* whatsthatsm@2x.png in Resources */ = {isa = PBXBuildFile; fileRef = 4C46664318E8FC0300916D72 /* whatsthatsm@2x.png */; };
		4C46664818E8FC0300916D72 /* mathsm.png in Resources */ = {isa = PBXBuildFile; fileRef = 4C46664418E8FC0300916D72 /* mathsm.png */; };
		4C46664918E8FC0300916D72 /* mathsm@2x.png in Resources */ = {isa = PBXBuildFile; fileRef = 4C46664518E8FC0300916D72 /* mathsm@2x.png */; };
		4C46664B18E904F600916D72 /* Learning_Animals.mp4 in Resources */ = {isa = PBXBuildFile; fileRef = 4C46664A18E904F600916D72 /* Learning_Animals.mp4 */; };
		4C46664E18E9062300916D72 /* learninganimalssm.png in Resources */ = {isa = PBXBuildFile; fileRef = 4C46664C18E9062300916D72 /* learninganimalssm.png */; };
		4C46664F18E9062300916D72 /* learninganimalssm@2x.png in Resources */ = {isa = PBXBuildFile; fileRef = 4C46664D18E9062300916D72 /* learninganimalssm@2x.png */; };
		4C46665118E9099C00916D72 /* AudioToolbox.framework in Frameworks */ = {isa = PBXBuildFile; fileRef = 4C46665018E9099C00916D72 /* AudioToolbox.framework */; };
		4C46665318E917AF00916D72 /* launch640x960.png in Resources */ = {isa = PBXBuildFile; fileRef = 4C46665218E917AF00916D72 /* launch640x960.png */; };
		4C46665518E91E3B00916D72 /* Count_to_20.mp4 in Resources */ = {isa = PBXBuildFile; fileRef = 4C46665418E91E3B00916D72 /* Count_to_20.mp4 */; };
		4C46665818E91F2500916D72 /* countto20sm.png in Resources */ = {isa = PBXBuildFile; fileRef = 4C46665618E91F2500916D72 /* countto20sm.png */; };
		4C46665918E91F2500916D72 /* countto20sm@2x.png in Resources */ = {isa = PBXBuildFile; fileRef = 4C46665718E91F2500916D72 /* countto20sm@2x.png */; };
		4C6456E718F0960B0011D002 /* colorsspacesm.png in Resources */ = {isa = PBXBuildFile; fileRef = 4C6456E318F0960B0011D002 /* colorsspacesm.png */; };
		4C6456E818F0960B0011D002 /* colorsspacesm@2x.png in Resources */ = {isa = PBXBuildFile; fileRef = 4C6456E418F0960B0011D002 /* colorsspacesm@2x.png */; };
		4C6456E918F0960B0011D002 /* colorspeggysm.png in Resources */ = {isa = PBXBuildFile; fileRef = 4C6456E518F0960B0011D002 /* colorspeggysm.png */; };
		4C6456EA18F0960B0011D002 /* colorspeggysm@2x.png in Resources */ = {isa = PBXBuildFile; fileRef = 4C6456E618F0960B0011D002 /* colorspeggysm@2x.png */; };
		4C6456ED18F096310011D002 /* Learning_Colors_flying_spaceships.mp4 in Resources */ = {isa = PBXBuildFile; fileRef = 4C6456EB18F096310011D002 /* Learning_Colors_flying_spaceships.mp4 */; };
		4C6456EE18F096310011D002 /* Learning_Colors_Peggy.mp4 in Resources */ = {isa = PBXBuildFile; fileRef = 4C6456EC18F096310011D002 /* Learning_Colors_Peggy.mp4 */; };
		4CC6AB7B1904599700B694B9 /* letter_Asm.png in Resources */ = {isa = PBXBuildFile; fileRef = 4CC6AB751904599700B694B9 /* letter_Asm.png */; };
		4CC6AB7C1904599700B694B9 /* letter_Asm@2x.png in Resources */ = {isa = PBXBuildFile; fileRef = 4CC6AB761904599700B694B9 /* letter_Asm@2x.png */; };
		4CC6AB7D1904599700B694B9 /* letter_Bsm.png in Resources */ = {isa = PBXBuildFile; fileRef = 4CC6AB771904599700B694B9 /* letter_Bsm.png */; };
		4CC6AB7E1904599700B694B9 /* letter_Bsm@2x.png in Resources */ = {isa = PBXBuildFile; fileRef = 4CC6AB781904599700B694B9 /* letter_Bsm@2x.png */; };
		4CC6AB7F1904599700B694B9 /* fruitsn.png in Resources */ = {isa = PBXBuildFile; fileRef = 4CC6AB791904599700B694B9 /* fruitsn.png */; };
		4CC6AB801904599700B694B9 /* fruitsn@2x.png in Resources */ = {isa = PBXBuildFile; fileRef = 4CC6AB7A1904599700B694B9 /* fruitsn@2x.png */; };
		4CC6AB84190459C500B694B9 /* Learning_and_Adding_Fruit.mp4 in Resources */ = {isa = PBXBuildFile; fileRef = 4CC6AB81190459C500B694B9 /* Learning_and_Adding_Fruit.mp4 */; };
		4CC6AB85190459C500B694B9 /* The_Letter_B.mp4 in Resources */ = {isa = PBXBuildFile; fileRef = 4CC6AB82190459C500B694B9 /* The_Letter_B.mp4 */; };
		4CC6AB86190459C500B694B9 /* The_Letter_A.mp4 in Resources */ = {isa = PBXBuildFile; fileRef = 4CC6AB83190459C500B694B9 /* The_Letter_A.mp4 */; };
		4CDB8BC218EA451B00B6D969 /* ReflectionView.m in Sources */ = {isa = PBXBuildFile; fileRef = 4CDB8BC118EA451B00B6D969 /* ReflectionView.m */; };
/* End PBXBuildFile section */

/* Begin PBXContainerItemProxy section */
		4C2A25C618E8B3F70055EB1F /* PBXContainerItemProxy */ = {
			isa = PBXContainerItemProxy;
			containerPortal = 4C2A259518E8B3F70055EB1F /* Project object */;
			proxyType = 1;
			remoteGlobalIDString = 4C2A259C18E8B3F70055EB1F;
			remoteInfo = EthansApp;
		};
/* End PBXContainerItemProxy section */

/* Begin PBXFileReference section */
		4C2A259D18E8B3F70055EB1F /* EthansApp.app */ = {isa = PBXFileReference; explicitFileType = wrapper.application; includeInIndex = 0; path = EthansApp.app; sourceTree = BUILT_PRODUCTS_DIR; };
		4C2A25A018E8B3F70055EB1F /* Foundation.framework */ = {isa = PBXFileReference; lastKnownFileType = wrapper.framework; name = Foundation.framework; path = System/Library/Frameworks/Foundation.framework; sourceTree = SDKROOT; };
		4C2A25A218E8B3F70055EB1F /* CoreGraphics.framework */ = {isa = PBXFileReference; lastKnownFileType = wrapper.framework; name = CoreGraphics.framework; path = System/Library/Frameworks/CoreGraphics.framework; sourceTree = SDKROOT; };
		4C2A25A418E8B3F70055EB1F /* UIKit.framework */ = {isa = PBXFileReference; lastKnownFileType = wrapper.framework; name = UIKit.framework; path = System/Library/Frameworks/UIKit.framework; sourceTree = SDKROOT; };
		4C2A25A818E8B3F70055EB1F /* EthansApp-Info.plist */ = {isa = PBXFileReference; lastKnownFileType = text.plist.xml; path = "EthansApp-Info.plist"; sourceTree = "<group>"; };
		4C2A25AA18E8B3F70055EB1F /* en */ = {isa = PBXFileReference; lastKnownFileType = text.plist.strings; name = en; path = en.lproj/InfoPlist.strings; sourceTree = "<group>"; };
		4C2A25AC18E8B3F70055EB1F /* main.m */ = {isa = PBXFileReference; lastKnownFileType = sourcecode.c.objc; path = main.m; sourceTree = "<group>"; };
		4C2A25AE18E8B3F70055EB1F /* EthansApp-Prefix.pch */ = {isa = PBXFileReference; lastKnownFileType = sourcecode.c.h; path = "EthansApp-Prefix.pch"; sourceTree = "<group>"; };
		4C2A25AF18E8B3F70055EB1F /* movieAppDelegate.h */ = {isa = PBXFileReference; lastKnownFileType = sourcecode.c.h; path = movieAppDelegate.h; sourceTree = "<group>"; };
		4C2A25B018E8B3F70055EB1F /* movieAppDelegate.m */ = {isa = PBXFileReference; lastKnownFileType = sourcecode.c.objc; path = movieAppDelegate.m; sourceTree = "<group>"; };
		4C2A25B318E8B3F70055EB1F /* Base */ = {isa = PBXFileReference; lastKnownFileType = file.storyboard; name = Base; path = Base.lproj/Main_iPhone.storyboard; sourceTree = "<group>"; };
		4C2A25B618E8B3F70055EB1F /* Base */ = {isa = PBXFileReference; lastKnownFileType = file.storyboard; name = Base; path = Base.lproj/Main_iPad.storyboard; sourceTree = "<group>"; };
		4C2A25B818E8B3F70055EB1F /* movieViewController.h */ = {isa = PBXFileReference; lastKnownFileType = sourcecode.c.h; path = movieViewController.h; sourceTree = "<group>"; };
		4C2A25B918E8B3F70055EB1F /* movieViewController.m */ = {isa = PBXFileReference; lastKnownFileType = sourcecode.c.objc; path = movieViewController.m; sourceTree = "<group>"; };
		4C2A25BB18E8B3F70055EB1F /* Images.xcassets */ = {isa = PBXFileReference; lastKnownFileType = folder.assetcatalog; path = Images.xcassets; sourceTree = "<group>"; };
		4C2A25C118E8B3F70055EB1F /* EthansAppTests.xctest */ = {isa = PBXFileReference; explicitFileType = wrapper.cfbundle; includeInIndex = 0; path = EthansAppTests.xctest; sourceTree = BUILT_PRODUCTS_DIR; };
		4C2A25C218E8B3F70055EB1F /* XCTest.framework */ = {isa = PBXFileReference; lastKnownFileType = wrapper.framework; name = XCTest.framework; path = Library/Frameworks/XCTest.framework; sourceTree = DEVELOPER_DIR; };
		4C2A25CA18E8B3F70055EB1F /* EthansAppTests-Info.plist */ = {isa = PBXFileReference; lastKnownFileType = text.plist.xml; path = "EthansAppTests-Info.plist"; sourceTree = "<group>"; };
		4C2A25CC18E8B3F70055EB1F /* en */ = {isa = PBXFileReference; lastKnownFileType = text.plist.strings; name = en; path = en.lproj/InfoPlist.strings; sourceTree = "<group>"; };
		4C2A25CE18E8B3F70055EB1F /* EthansAppTests.m */ = {isa = PBXFileReference; lastKnownFileType = sourcecode.c.objc; path = EthansAppTests.m; sourceTree = "<group>"; };
		4C2A25D818E8B4160055EB1F /* MediaPlayer.framework */ = {isa = PBXFileReference; lastKnownFileType = wrapper.framework; name = MediaPlayer.framework; path = System/Library/Frameworks/MediaPlayer.framework; sourceTree = SDKROOT; };
		4C46663518E8C67C00916D72 /* Adding_For_Toddlers.mp4 */ = {isa = PBXFileReference; lastKnownFileType = file; path = Adding_For_Toddlers.mp4; sourceTree = "<group>"; };
		4C46663718E8C7F200916D72 /* Toddlers_ Learn_Different_Objects.mp4 */ = {isa = PBXFileReference; lastKnownFileType = file; path = "Toddlers_ Learn_Different_Objects.mp4"; sourceTree = "<group>"; };
		4C46664218E8FC0300916D72 /* whatsthatsm.png */ = {isa = PBXFileReference; lastKnownFileType = image.png; path = whatsthatsm.png; sourceTree = "<group>"; };
		4C46664318E8FC0300916D72 /* whatsthatsm@2x.png */ = {isa = PBXFileReference; lastKnownFileType = image.png; path = "whatsthatsm@2x.png"; sourceTree = "<group>"; };
		4C46664418E8FC0300916D72 /* mathsm.png */ = {isa = PBXFileReference; lastKnownFileType = image.png; path = mathsm.png; sourceTree = "<group>"; };
		4C46664518E8FC0300916D72 /* mathsm@2x.png */ = {isa = PBXFileReference; lastKnownFileType = image.png; path = "mathsm@2x.png"; sourceTree = "<group>"; };
		4C46664A18E904F600916D72 /* Learning_Animals.mp4 */ = {isa = PBXFileReference; lastKnownFileType = file; path = Learning_Animals.mp4; sourceTree = "<group>"; };
		4C46664C18E9062300916D72 /* learninganimalssm.png */ = {isa = PBXFileReference; lastKnownFileType = image.png; path = learninganimalssm.png; sourceTree = "<group>"; };
		4C46664D18E9062300916D72 /* learninganimalssm@2x.png */ = {isa = PBXFileReference; lastKnownFileType = image.png; path = "learninganimalssm@2x.png"; sourceTree = "<group>"; };
		4C46665018E9099C00916D72 /* AudioToolbox.framework */ = {isa = PBXFileReference; lastKnownFileType = wrapper.framework; name = AudioToolbox.framework; path = System/Library/Frameworks/AudioToolbox.framework; sourceTree = SDKROOT; };
		4C46665218E917AF00916D72 /* launch640x960.png */ = {isa = PBXFileReference; lastKnownFileType = image.png; path = launch640x960.png; sourceTree = "<group>"; };
		4C46665418E91E3B00916D72 /* Count_to_20.mp4 */ = {isa = PBXFileReference; lastKnownFileType = file; path = Count_to_20.mp4; sourceTree = "<group>"; };
		4C46665618E91F2500916D72 /* countto20sm.png */ = {isa = PBXFileReference; lastKnownFileType = image.png; path = countto20sm.png; sourceTree = "<group>"; };
		4C46665718E91F2500916D72 /* countto20sm@2x.png */ = {isa = PBXFileReference; lastKnownFileType = image.png; path = "countto20sm@2x.png"; sourceTree = "<group>"; };
		4C6456E318F0960B0011D002 /* colorsspacesm.png */ = {isa = PBXFileReference; lastKnownFileType = image.png; path = colorsspacesm.png; sourceTree = "<group>"; };
		4C6456E418F0960B0011D002 /* colorsspacesm@2x.png */ = {isa = PBXFileReference; lastKnownFileType = image.png; path = "colorsspacesm@2x.png"; sourceTree = "<group>"; };
		4C6456E518F0960B0011D002 /* colorspeggysm.png */ = {isa = PBXFileReference; lastKnownFileType = image.png; path = colorspeggysm.png; sourceTree = "<group>"; };
		4C6456E618F0960B0011D002 /* colorspeggysm@2x.png */ = {isa = PBXFileReference; lastKnownFileType = image.png; path = "colorspeggysm@2x.png"; sourceTree = "<group>"; };
		4C6456EB18F096310011D002 /* Learning_Colors_flying_spaceships.mp4 */ = {isa = PBXFileReference; lastKnownFileType = file; path = Learning_Colors_flying_spaceships.mp4; sourceTree = "<group>"; };
		4C6456EC18F096310011D002 /* Learning_Colors_Peggy.mp4 */ = {isa = PBXFileReference; lastKnownFileType = file; path = Learning_Colors_Peggy.mp4; sourceTree = "<group>"; };
		4CC6AB751904599700B694B9 /* letter_Asm.png */ = {isa = PBXFileReference; lastKnownFileType = image.png; path = letter_Asm.png; sourceTree = "<group>"; };
		4CC6AB761904599700B694B9 /* letter_Asm@2x.png */ = {isa = PBXFileReference; lastKnownFileType = image.png; path = "letter_Asm@2x.png"; sourceTree = "<group>"; };
		4CC6AB771904599700B694B9 /* letter_Bsm.png */ = {isa = PBXFileReference; lastKnownFileType = image.png; path = letter_Bsm.png; sourceTree = "<group>"; };
		4CC6AB781904599700B694B9 /* letter_Bsm@2x.png */ = {isa = PBXFileReference; lastKnownFileType = image.png; path = "letter_Bsm@2x.png"; sourceTree = "<group>"; };
		4CC6AB791904599700B694B9 /* fruitsn.png */ = {isa = PBXFileReference; lastKnownFileType = image.png; path = fruitsn.png; sourceTree = "<group>"; };
		4CC6AB7A1904599700B694B9 /* fruitsn@2x.png */ = {isa = PBXFileReference; lastKnownFileType = image.png; path = "fruitsn@2x.png"; sourceTree = "<group>"; };
		4CC6AB81190459C500B694B9 /* Learning_and_Adding_Fruit.mp4 */ = {isa = PBXFileReference; lastKnownFileType = file; path = Learning_and_Adding_Fruit.mp4; sourceTree = "<group>"; };
		4CC6AB82190459C500B694B9 /* The_Letter_B.mp4 */ = {isa = PBXFileReference; lastKnownFileType = file; path = The_Letter_B.mp4; sourceTree = "<group>"; };
		4CC6AB83190459C500B694B9 /* The_Letter_A.mp4 */ = {isa = PBXFileReference; lastKnownFileType = file; path = The_Letter_A.mp4; sourceTree = "<group>"; };
		4CDB8BC018EA451B00B6D969 /* ReflectionView.h */ = {isa = PBXFileReference; fileEncoding = 4; lastKnownFileType = sourcecode.c.h; path = ReflectionView.h; sourceTree = "<group>"; };
		4CDB8BC118EA451B00B6D969 /* ReflectionView.m */ = {isa = PBXFileReference; fileEncoding = 4; lastKnownFileType = sourcecode.c.objc; path = ReflectionView.m; sourceTree = "<group>"; };
/* End PBXFileReference section */

/* Begin PBXFrameworksBuildPhase section */
		4C2A259A18E8B3F70055EB1F /* Frameworks */ = {
			isa = PBXFrameworksBuildPhase;
			buildActionMask = 2147483647;
			files = (
				4C46665118E9099C00916D72 /* AudioToolbox.framework in Frameworks */,
				4C2A25D918E8B4160055EB1F /* MediaPlayer.framework in Frameworks */,
				4C2A25A318E8B3F70055EB1F /* CoreGraphics.framework in Frameworks */,
				4C2A25A518E8B3F70055EB1F /* UIKit.framework in Frameworks */,
				4C2A25A118E8B3F70055EB1F /* Foundation.framework in Frameworks */,
			);
			runOnlyForDeploymentPostprocessing = 0;
		};
		4C2A25BE18E8B3F70055EB1F /* Frameworks */ = {
			isa = PBXFrameworksBuildPhase;
			buildActionMask = 2147483647;
			files = (
				4C2A25C318E8B3F70055EB1F /* XCTest.framework in Frameworks */,
				4C2A25C518E8B3F70055EB1F /* UIKit.framework in Frameworks */,
				4C2A25C418E8B3F70055EB1F /* Foundation.framework in Frameworks */,
			);
			runOnlyForDeploymentPostprocessing = 0;
		};
/* End PBXFrameworksBuildPhase section */

/* Begin PBXGroup section */
		4C2A259418E8B3F70055EB1F = {
			isa = PBXGroup;
			children = (
				4CDB8BBF18EA451B00B6D969 /* ReflectionView */,
				4C2A25A618E8B3F70055EB1F /* EthansApp */,
				4C2A25C818E8B3F70055EB1F /* EthansAppTests */,
				4C2A259F18E8B3F70055EB1F /* Frameworks */,
				4C2A259E18E8B3F70055EB1F /* Products */,
			);
			sourceTree = "<group>";
		};
		4C2A259E18E8B3F70055EB1F /* Products */ = {
			isa = PBXGroup;
			children = (
				4C2A259D18E8B3F70055EB1F /* EthansApp.app */,
				4C2A25C118E8B3F70055EB1F /* EthansAppTests.xctest */,
			);
			name = Products;
			sourceTree = "<group>";
		};
		4C2A259F18E8B3F70055EB1F /* Frameworks */ = {
			isa = PBXGroup;
			children = (
				4C46665018E9099C00916D72 /* AudioToolbox.framework */,
				4C2A25D818E8B4160055EB1F /* MediaPlayer.framework */,
				4C2A25A018E8B3F70055EB1F /* Foundation.framework */,
				4C2A25A218E8B3F70055EB1F /* CoreGraphics.framework */,
				4C2A25A418E8B3F70055EB1F /* UIKit.framework */,
				4C2A25C218E8B3F70055EB1F /* XCTest.framework */,
			);
			name = Frameworks;
			sourceTree = "<group>";
		};
		4C2A25A618E8B3F70055EB1F /* EthansApp */ = {
			isa = PBXGroup;
			children = (
				4CC6AB81190459C500B694B9 /* Learning_and_Adding_Fruit.mp4 */,
				4CC6AB82190459C500B694B9 /* The_Letter_B.mp4 */,
				4CC6AB83190459C500B694B9 /* The_Letter_A.mp4 */,
				4C6456EB18F096310011D002 /* Learning_Colors_flying_spaceships.mp4 */,
				4C6456EC18F096310011D002 /* Learning_Colors_Peggy.mp4 */,
				4C46665418E91E3B00916D72 /* Count_to_20.mp4 */,
				4C46665218E917AF00916D72 /* launch640x960.png */,
				4C46664A18E904F600916D72 /* Learning_Animals.mp4 */,
				4C46663918E8CABE00916D72 /* images */,
				4C46663718E8C7F200916D72 /* Toddlers_ Learn_Different_Objects.mp4 */,
				4C46663518E8C67C00916D72 /* Adding_For_Toddlers.mp4 */,
				4C2A25AF18E8B3F70055EB1F /* movieAppDelegate.h */,
				4C2A25B018E8B3F70055EB1F /* movieAppDelegate.m */,
				4C2A25B218E8B3F70055EB1F /* Main_iPhone.storyboard */,
				4C2A25B518E8B3F70055EB1F /* Main_iPad.storyboard */,
				4C2A25B818E8B3F70055EB1F /* movieViewController.h */,
				4C2A25B918E8B3F70055EB1F /* movieViewController.m */,
				4C2A25BB18E8B3F70055EB1F /* Images.xcassets */,
				4C2A25A718E8B3F70055EB1F /* Supporting Files */,
			);
			path = EthansApp;
			sourceTree = "<group>";
		};
		4C2A25A718E8B3F70055EB1F /* Supporting Files */ = {
			isa = PBXGroup;
			children = (
				4C2A25A818E8B3F70055EB1F /* EthansApp-Info.plist */,
				4C2A25A918E8B3F70055EB1F /* InfoPlist.strings */,
				4C2A25AC18E8B3F70055EB1F /* main.m */,
				4C2A25AE18E8B3F70055EB1F /* EthansApp-Prefix.pch */,
			);
			name = "Supporting Files";
			sourceTree = "<group>";
		};
		4C2A25C818E8B3F70055EB1F /* EthansAppTests */ = {
			isa = PBXGroup;
			children = (
				4C2A25CE18E8B3F70055EB1F /* EthansAppTests.m */,
				4C2A25C918E8B3F70055EB1F /* Supporting Files */,
			);
			path = EthansAppTests;
			sourceTree = "<group>";
		};
		4C2A25C918E8B3F70055EB1F /* Supporting Files */ = {
			isa = PBXGroup;
			children = (
				4C2A25CA18E8B3F70055EB1F /* EthansAppTests-Info.plist */,
				4C2A25CB18E8B3F70055EB1F /* InfoPlist.strings */,
			);
			name = "Supporting Files";
			sourceTree = "<group>";
		};
		4C46663918E8CABE00916D72 /* images */ = {
			isa = PBXGroup;
			children = (
				4CC6AB751904599700B694B9 /* letter_Asm.png */,
				4CC6AB761904599700B694B9 /* letter_Asm@2x.png */,
				4CC6AB771904599700B694B9 /* letter_Bsm.png */,
				4CC6AB781904599700B694B9 /* letter_Bsm@2x.png */,
				4CC6AB791904599700B694B9 /* fruitsn.png */,
				4CC6AB7A1904599700B694B9 /* fruitsn@2x.png */,
				4C6456E318F0960B0011D002 /* colorsspacesm.png */,
				4C6456E418F0960B0011D002 /* colorsspacesm@2x.png */,
				4C6456E518F0960B0011D002 /* colorspeggysm.png */,
				4C6456E618F0960B0011D002 /* colorspeggysm@2x.png */,
				4C46665618E91F2500916D72 /* countto20sm.png */,
				4C46665718E91F2500916D72 /* countto20sm@2x.png */,
				4C46664C18E9062300916D72 /* learninganimalssm.png */,
				4C46664D18E9062300916D72 /* learninganimalssm@2x.png */,
				4C46664218E8FC0300916D72 /* whatsthatsm.png */,
				4C46664318E8FC0300916D72 /* whatsthatsm@2x.png */,
				4C46664418E8FC0300916D72 /* mathsm.png */,
				4C46664518E8FC0300916D72 /* mathsm@2x.png */,
			);
			name = images;
			sourceTree = "<group>";
		};
		4CDB8BBF18EA451B00B6D969 /* ReflectionView */ = {
			isa = PBXGroup;
			children = (
				4CDB8BC018EA451B00B6D969 /* ReflectionView.h */,
				4CDB8BC118EA451B00B6D969 /* ReflectionView.m */,
			);
			path = ReflectionView;
			sourceTree = "<group>";
		};
/* End PBXGroup section */

/* Begin PBXNativeTarget section */
		4C2A259C18E8B3F70055EB1F /* EthansApp */ = {
			isa = PBXNativeTarget;
			buildConfigurationList = 4C2A25D218E8B3F70055EB1F /* Build configuration list for PBXNativeTarget "EthansApp" */;
			buildPhases = (
				4C2A259918E8B3F70055EB1F /* Sources */,
				4C2A259A18E8B3F70055EB1F /* Frameworks */,
				4C2A259B18E8B3F70055EB1F /* Resources */,
			);
			buildRules = (
			);
			dependencies = (
			);
			name = EthansApp;
			productName = EthansApp;
			productReference = 4C2A259D18E8B3F70055EB1F /* EthansApp.app */;
			productType = "com.apple.product-type.application";
		};
		4C2A25C018E8B3F70055EB1F /* EthansAppTests */ = {
			isa = PBXNativeTarget;
			buildConfigurationList = 4C2A25D518E8B3F70055EB1F /* Build configuration list for PBXNativeTarget "EthansAppTests" */;
			buildPhases = (
				4C2A25BD18E8B3F70055EB1F /* Sources */,
				4C2A25BE18E8B3F70055EB1F /* Frameworks */,
				4C2A25BF18E8B3F70055EB1F /* Resources */,
			);
			buildRules = (
			);
			dependencies = (
				4C2A25C718E8B3F70055EB1F /* PBXTargetDependency */,
			);
			name = EthansAppTests;
			productName = EthansAppTests;
			productReference = 4C2A25C118E8B3F70055EB1F /* EthansAppTests.xctest */;
			productType = "com.apple.product-type.bundle.unit-test";
		};
/* End PBXNativeTarget section */

/* Begin PBXProject section */
		4C2A259518E8B3F70055EB1F /* Project object */ = {
			isa = PBXProject;
			attributes = {
				CLASSPREFIX = movie;
				LastUpgradeCheck = 0510;
				ORGANIZATIONNAME = "Barry Julien";
				TargetAttributes = {
					4C2A259C18E8B3F70055EB1F = {
						DevelopmentTeam = 2RTXJRE3QU;
					};
					4C2A25C018E8B3F70055EB1F = {
						TestTargetID = 4C2A259C18E8B3F70055EB1F;
					};
				};
			};
			buildConfigurationList = 4C2A259818E8B3F70055EB1F /* Build configuration list for PBXProject "EthansApp" */;
			compatibilityVersion = "Xcode 3.2";
			developmentRegion = English;
			hasScannedForEncodings = 0;
			knownRegions = (
				en,
				Base,
			);
			mainGroup = 4C2A259418E8B3F70055EB1F;
			productRefGroup = 4C2A259E18E8B3F70055EB1F /* Products */;
			projectDirPath = "";
			projectRoot = "";
			targets = (
				4C2A259C18E8B3F70055EB1F /* EthansApp */,
				4C2A25C018E8B3F70055EB1F /* EthansAppTests */,
			);
		};
/* End PBXProject section */

/* Begin PBXResourcesBuildPhase section */
		4C2A259B18E8B3F70055EB1F /* Resources */ = {
			isa = PBXResourcesBuildPhase;
			buildActionMask = 2147483647;
			files = (
				4C46665818E91F2500916D72 /* countto20sm.png in Resources */,
				4CC6AB7F1904599700B694B9 /* fruitsn.png in Resources */,
				4C6456ED18F096310011D002 /* Learning_Colors_flying_spaceships.mp4 in Resources */,
				4CC6AB84190459C500B694B9 /* Learning_and_Adding_Fruit.mp4 in Resources */,
				4C2A25B718E8B3F70055EB1F /* Main_iPad.storyboard in Resources */,
				4CC6AB801904599700B694B9 /* fruitsn@2x.png in Resources */,
				4C46664E18E9062300916D72 /* learninganimalssm.png in Resources */,
				4C6456EA18F0960B0011D002 /* colorspeggysm@2x.png in Resources */,
				4C46663818E8C7F200916D72 /* Toddlers_ Learn_Different_Objects.mp4 in Resources */,
				4C46664918E8FC0300916D72 /* mathsm@2x.png in Resources */,
				4C46664818E8FC0300916D72 /* mathsm.png in Resources */,
				4CC6AB7C1904599700B694B9 /* letter_Asm@2x.png in Resources */,
				4C6456E918F0960B0011D002 /* colorspeggysm.png in Resources */,
				4CC6AB7B1904599700B694B9 /* letter_Asm.png in Resources */,
				4CC6AB85190459C500B694B9 /* The_Letter_B.mp4 in Resources */,
				4C46665518E91E3B00916D72 /* Count_to_20.mp4 in Resources */,
				4C2A25BC18E8B3F70055EB1F /* Images.xcassets in Resources */,
				4C6456E818F0960B0011D002 /* colorsspacesm@2x.png in Resources */,
				4CC6AB7D1904599700B694B9 /* letter_Bsm.png in Resources */,
				4C2A25B418E8B3F70055EB1F /* Main_iPhone.storyboard in Resources */,
				4CC6AB7E1904599700B694B9 /* letter_Bsm@2x.png in Resources */,
				4C6456EE18F096310011D002 /* Learning_Colors_Peggy.mp4 in Resources */,
				4C46664618E8FC0300916D72 /* whatsthatsm.png in Resources */,
				4C6456E718F0960B0011D002 /* colorsspacesm.png in Resources */,
				4C46663618E8C67C00916D72 /* Adding_For_Toddlers.mp4 in Resources */,
				4C2A25AB18E8B3F70055EB1F /* InfoPlist.strings in Resources */,
				4C46664B18E904F600916D72 /* Learning_Animals.mp4 in Resources */,
				4C46665918E91F2500916D72 /* countto20sm@2x.png in Resources */,
				4C46664718E8FC0300916D72 /* whatsthatsm@2x.png in Resources */,
				4C46665318E917AF00916D72 /* launch640x960.png in Resources */,
				4C46664F18E9062300916D72 /* learninganimalssm@2x.png in Resources */,
				4CC6AB86190459C500B694B9 /* The_Letter_A.mp4 in Resources */,
			);
			runOnlyForDeploymentPostprocessing = 0;
		};
		4C2A25BF18E8B3F70055EB1F /* Resources */ = {
			isa = PBXResourcesBuildPhase;
			buildActionMask = 2147483647;
			files = (
				4C2A25CD18E8B3F70055EB1F /* InfoPlist.strings in Resources */,
			);
			runOnlyForDeploymentPostprocessing = 0;
		};
/* End PBXResourcesBuildPhase section */

/* Begin PBXSourcesBuildPhase section */
		4C2A259918E8B3F70055EB1F /* Sources */ = {
			isa = PBXSourcesBuildPhase;
			buildActionMask = 2147483647;
			files = (
				4C2A25AD18E8B3F70055EB1F /* main.m in Sources */,
				4CDB8BC218EA451B00B6D969 /* ReflectionView.m in Sources */,
				4C2A25BA18E8B3F70055EB1F /* movieViewController.m in Sources */,
				4C2A25B118E8B3F70055EB1F /* movieAppDelegate.m in Sources */,
			);
			runOnlyForDeploymentPostprocessing = 0;
		};
		4C2A25BD18E8B3F70055EB1F /* Sources */ = {
			isa = PBXSourcesBuildPhase;
			buildActionMask = 2147483647;
			files = (
				4C2A25CF18E8B3F70055EB1F /* EthansAppTests.m in Sources */,
			);
			runOnlyForDeploymentPostprocessing = 0;
		};
/* End PBXSourcesBuildPhase section */

/* Begin PBXTargetDependency section */
		4C2A25C718E8B3F70055EB1F /* PBXTargetDependency */ = {
			isa = PBXTargetDependency;
			target = 4C2A259C18E8B3F70055EB1F /* EthansApp */;
			targetProxy = 4C2A25C618E8B3F70055EB1F /* PBXContainerItemProxy */;
		};
/* End PBXTargetDependency section */

/* Begin PBXVariantGroup section */
		4C2A25A918E8B3F70055EB1F /* InfoPlist.strings */ = {
			isa = PBXVariantGroup;
			children = (
				4C2A25AA18E8B3F70055EB1F /* en */,
			);
			name = InfoPlist.strings;
			sourceTree = "<group>";
		};
		4C2A25B218E8B3F70055EB1F /* Main_iPhone.storyboard */ = {
			isa = PBXVariantGroup;
			children = (
				4C2A25B318E8B3F70055EB1F /* Base */,
			);
			name = Main_iPhone.storyboard;
			sourceTree = "<group>";
		};
		4C2A25B518E8B3F70055EB1F /* Main_iPad.storyboard */ = {
			isa = PBXVariantGroup;
			children = (
				4C2A25B618E8B3F70055EB1F /* Base */,
			);
			name = Main_iPad.storyboard;
			sourceTree = "<group>";
		};
		4C2A25CB18E8B3F70055EB1F /* InfoPlist.strings */ = {
			isa = PBXVariantGroup;
			children = (
				4C2A25CC18E8B3F70055EB1F /* en */,
			);
			name = InfoPlist.strings;
			sourceTree = "<group>";
		};
/* End PBXVariantGroup section */

/* Begin XCBuildConfiguration section */
		4C2A25D018E8B3F70055EB1F /* Debug */ = {
			isa = XCBuildConfiguration;
			buildSettings = {
				ALWAYS_SEARCH_USER_PATHS = NO;
				CLANG_CXX_LANGUAGE_STANDARD = "gnu++0x";
				CLANG_CXX_LIBRARY = "libc++";
				CLANG_ENABLE_MODULES = YES;
				CLANG_ENABLE_OBJC_ARC = YES;
				CLANG_WARN_BOOL_CONVERSION = YES;
				CLANG_WARN_CONSTANT_CONVERSION = YES;
				CLANG_WARN_DIRECT_OBJC_ISA_USAGE = YES_ERROR;
				CLANG_WARN_EMPTY_BODY = YES;
				CLANG_WARN_ENUM_CONVERSION = YES;
				CLANG_WARN_INT_CONVERSION = YES;
				CLANG_WARN_OBJC_ROOT_CLASS = YES_ERROR;
				CLANG_WARN__DUPLICATE_METHOD_MATCH = YES;
				"CODE_SIGN_IDENTITY[sdk=iphoneos*]" = "iPhone Developer";
				COPY_PHASE_STRIP = NO;
				GCC_C_LANGUAGE_STANDARD = gnu99;
				GCC_DYNAMIC_NO_PIC = NO;
				GCC_OPTIMIZATION_LEVEL = 0;
				GCC_PREPROCESSOR_DEFINITIONS = (
					"DEBUG=1",
					"$(inherited)",
				);
				GCC_SYMBOLS_PRIVATE_EXTERN = NO;
				GCC_WARN_64_TO_32_BIT_CONVERSION = YES;
				GCC_WARN_ABOUT_RETURN_TYPE = YES_ERROR;
				GCC_WARN_UNDECLARED_SELECTOR = YES;
				GCC_WARN_UNINITIALIZED_AUTOS = YES_AGGRESSIVE;
				GCC_WARN_UNUSED_FUNCTION = YES;
				GCC_WARN_UNUSED_VARIABLE = YES;
				IPHONEOS_DEPLOYMENT_TARGET = 7.1;
				ONLY_ACTIVE_ARCH = YES;
				SDKROOT = iphoneos;
				TARGETED_DEVICE_FAMILY = "1,2";
			};
			name = Debug;
		};
		4C2A25D118E8B3F70055EB1F /* Release */ = {
			isa = XCBuildConfiguration;
			buildSettings = {
				ALWAYS_SEARCH_USER_PATHS = NO;
				CLANG_CXX_LANGUAGE_STANDARD = "gnu++0x";
				CLANG_CXX_LIBRARY = "libc++";
				CLANG_ENABLE_MODULES = YES;
				CLANG_ENABLE_OBJC_ARC = YES;
				CLANG_WARN_BOOL_CONVERSION = YES;
				CLANG_WARN_CONSTANT_CONVERSION = YES;
				CLANG_WARN_DIRECT_OBJC_ISA_USAGE = YES_ERROR;
				CLANG_WARN_EMPTY_BODY = YES;
				CLANG_WARN_ENUM_CONVERSION = YES;
				CLANG_WARN_INT_CONVERSION = YES;
				CLANG_WARN_OBJC_ROOT_CLASS = YES_ERROR;
				CLANG_WARN__DUPLICATE_METHOD_MATCH = YES;
				"CODE_SIGN_IDENTITY[sdk=iphoneos*]" = "iPhone Developer";
				COPY_PHASE_STRIP = YES;
				ENABLE_NS_ASSERTIONS = NO;
				GCC_C_LANGUAGE_STANDARD = gnu99;
				GCC_WARN_64_TO_32_BIT_CONVERSION = YES;
				GCC_WARN_ABOUT_RETURN_TYPE = YES_ERROR;
				GCC_WARN_UNDECLARED_SELECTOR = YES;
				GCC_WARN_UNINITIALIZED_AUTOS = YES_AGGRESSIVE;
				GCC_WARN_UNUSED_FUNCTION = YES;
				GCC_WARN_UNUSED_VARIABLE = YES;
				IPHONEOS_DEPLOYMENT_TARGET = 7.1;
				SDKROOT = iphoneos;
				TARGETED_DEVICE_FAMILY = "1,2";
				VALIDATE_PRODUCT = YES;
			};
			name = Release;
		};
		4C2A25D318E8B3F70055EB1F /* Debug */ = {
			isa = XCBuildConfiguration;
			buildSettings = {
				ASSETCATALOG_COMPILER_APPICON_NAME = AppIcon;
				ASSETCATALOG_COMPILER_LAUNCHIMAGE_NAME = LaunchImage;
				CODE_SIGN_IDENTITY = "iPhone Developer";
				GCC_PRECOMPILE_PREFIX_HEADER = YES;
				GCC_PREFIX_HEADER = "EthansApp/EthansApp-Prefix.pch";
				INFOPLIST_FILE = "EthansApp/EthansApp-Info.plist";
				IPHONEOS_DEPLOYMENT_TARGET = 7.0;
				PRODUCT_NAME = "$(TARGET_NAME)";
				TARGETED_DEVICE_FAMILY = 1;
				WRAPPER_EXTENSION = app;
			};
			name = Debug;
		};
		4C2A25D418E8B3F70055EB1F /* Release */ = {
			isa = XCBuildConfiguration;
			buildSettings = {
				ASSETCATALOG_COMPILER_APPICON_NAME = AppIcon;
				ASSETCATALOG_COMPILER_LAUNCHIMAGE_NAME = LaunchImage;
				CODE_SIGN_IDENTITY = "iPhone Developer";
				GCC_PRECOMPILE_PREFIX_HEADER = YES;
				GCC_PREFIX_HEADER = "EthansApp/EthansApp-Prefix.pch";
				INFOPLIST_FILE = "EthansApp/EthansApp-Info.plist";
				IPHONEOS_DEPLOYMENT_TARGET = 7.0;
				PRODUCT_NAME = "$(TARGET_NAME)";
				TARGETED_DEVICE_FAMILY = 1;
				WRAPPER_EXTENSION = app;
			};
			name = Release;
		};
		4C2A25D618E8B3F70055EB1F /* Debug */ = {
			isa = XCBuildConfiguration;
			buildSettings = {
				BUNDLE_LOADER = "$(BUILT_PRODUCTS_DIR)/EthansApp.app/EthansApp";
				FRAMEWORK_SEARCH_PATHS = (
					"$(SDKROOT)/Developer/Library/Frameworks",
					"$(inherited)",
					"$(DEVELOPER_FRAMEWORKS_DIR)",
				);
				GCC_PRECOMPILE_PREFIX_HEADER = YES;
				GCC_PREFIX_HEADER = "EthansApp/EthansApp-Prefix.pch";
				GCC_PREPROCESSOR_DEFINITIONS = (
					"DEBUG=1",
					"$(inherited)",
				);
				INFOPLIST_FILE = "EthansAppTests/EthansAppTests-Info.plist";
				PRODUCT_NAME = "$(TARGET_NAME)";
				TEST_HOST = "$(BUNDLE_LOADER)";
				WRAPPER_EXTENSION = xctest;
			};
			name = Debug;
		};
		4C2A25D718E8B3F70055EB1F /* Release */ = {
			isa = XCBuildConfiguration;
			buildSettings = {
				BUNDLE_LOADER = "$(BUILT_PRODUCTS_DIR)/EthansApp.app/EthansApp";
				FRAMEWORK_SEARCH_PATHS = (
					"$(SDKROOT)/Developer/Library/Frameworks",
					"$(inherited)",
					"$(DEVELOPER_FRAMEWORKS_DIR)",
				);
				GCC_PRECOMPILE_PREFIX_HEADER = YES;
				GCC_PREFIX_HEADER = "EthansApp/EthansApp-Prefix.pch";
				INFOPLIST_FILE = "EthansAppTests/EthansAppTests-Info.plist";
				PRODUCT_NAME = "$(TARGET_NAME)";
				TEST_HOST = "$(BUNDLE_LOADER)";
				WRAPPER_EXTENSION = xctest;
			};
			name = Release;
		};
/* End XCBuildConfiguration section */

/* Begin XCConfigurationList section */
		4C2A259818E8B3F70055EB1F /* Build configuration list for PBXProject "EthansApp" */ = {
			isa = XCConfigurationList;
			buildConfigurations = (
				4C2A25D018E8B3F70055EB1F /* Debug */,
				4C2A25D118E8B3F70055EB1F /* Release */,
			);
			defaultConfigurationIsVisible = 0;
			defaultConfigurationName = Release;
		};
		4C2A25D218E8B3F70055EB1F /* Build configuration list for PBXNativeTarget "EthansApp" */ = {
			isa = XCConfigurationList;
			buildConfigurations = (
				4C2A25D318E8B3F70055EB1F /* Debug */,
				4C2A25D418E8B3F70055EB1F /* Release */,
			);
			defaultConfigurationIsVisible = 0;
			defaultConfigurationName = Release;
		};
		4C2A25D518E8B3F70055EB1F /* Build configuration list for PBXNativeTarget "EthansAppTests" */ = {
			isa = XCConfigurationList;
			buildConfigurations = (
				4C2A25D618E8B3F70055EB1F /* Debug */,
				4C2A25D718E8B3F70055EB1F /* Release */,
			);
			defaultConfigurationIsVisible = 0;
			defaultConfigurationName = Release;
		};
/* End XCConfigurationList section */
	};
	rootObject = 4C2A259518E8B3F70055EB1F /* Project object */;
}
